
Microsoft Visual Studio Solution File, Format Version 12.00
# Visual Studio Version 16
VisualStudioVersion = 16.0.31321.278
MinimumVisualStudioVersion = 10.0.40219.1
Project("{FAE04EC0-301F-11D3-BF4B-00C04F79EFBC}") = "DotMaker", "DotMaker\DotMaker.csproj", "{99372E32-FF35-4D4B-9C1F-9BFA3843BA50}"
EndProject
Global
	GlobalSection(SolutionConfigurationPlatforms) = preSolution
		Debug|Any CPU = Debug|Any CPU
		Release|Any CPU = Release|Any CPU
	EndGlobalSection
	GlobalSection(ProjectConfigurationPlatforms) = postSolution
		{99372E32-FF35-4D4B-9C1F-9BFA3843BA50}.Debug|Any CPU.ActiveCfg = Debug|Any CPU
		{99372E32-FF35-4D4B-9C1F-9BFA3843BA50}.Debug|Any CPU.Build.0 = Debug|Any CPU
		{99372E32-FF35-4D4B-9C1F-9BFA3843BA50}.Release|Any CPU.ActiveCfg = Release|Any CPU
		{99372E32-FF35-4D4B-9C1F-9BFA3843BA50}.Release|Any CPU.Build.0 = Release|Any CPU
	EndGlobalSection
	GlobalSection(SolutionProperties) = preSolution
		HideSolutionNode = FALSE
	EndGlobalSection
	GlobalSection(ExtensibilityGlobals) = postSolution
		SolutionGuid = {17DECEC3-6157-44F5-96DB-4CE83B0C16F9}
	EndGlobalSection
EndGlobal
